
Microsoft Visual Studio Solution File, Format Version 12.00
Project("{FAE04EC0-301F-11D3-BF4B-00C04F79EFBC}") = "RealtimeApp.Server", "RealtimeApp.Server\RealtimeApp.Server.csproj", "{009DB6E4-E9C6-4836-A8BD-469993047D79}"
EndProject
Project("{FAE04EC0-301F-11D3-BF4B-00C04F79EFBC}") = "RealtimeApp.Client", "RealtimeApp.Client\RealtimeApp.Client.csproj", "{3A4DB18F-D956-4E1E-B623-E1BC3D67CB75}"
EndProject
Project("{FAE04EC0-301F-11D3-BF4B-00C04F79EFBC}") = "RealtimeApp.Shared", "RealtimeApp.Shared\RealtimeApp.Shared.csproj", "{F2941527-7399-48BC-985C-3722D5708ACB}"
EndProject
Project("{FAE04EC0-301F-11D3-BF4B-00C04F79EFBC}") = "RealtimeApp.Tests", "RealtimeApp.Tests\RealtimeApp.Tests.csproj", "{D09BB22E-18E0-4FCA-84C3-9CE26F797B79}"
EndProject
Project("{FAE04EC0-301F-11D3-BF4B-00C04F79EFBC}") = "ReaylibApp", "ReaylibApp\ReaylibApp.csproj", "{7EDEE730-2E14-4312-B32E-D6CC43A29E13}"
EndProject
Global
	GlobalSection(SolutionConfigurationPlatforms) = preSolution
		Debug|Any CPU = Debug|Any CPU
		Release|Any CPU = Release|Any CPU
	EndGlobalSection
	GlobalSection(ProjectConfigurationPlatforms) = postSolution
		{009DB6E4-E9C6-4836-A8BD-469993047D79}.Debug|Any CPU.ActiveCfg = Debug|Any CPU
		{009DB6E4-E9C6-4836-A8BD-469993047D79}.Debug|Any CPU.Build.0 = Debug|Any CPU
		{009DB6E4-E9C6-4836-A8BD-469993047D79}.Release|Any CPU.ActiveCfg = Release|Any CPU
		{009DB6E4-E9C6-4836-A8BD-469993047D79}.Release|Any CPU.Build.0 = Release|Any CPU
		{3A4DB18F-D956-4E1E-B623-E1BC3D67CB75}.Debug|Any CPU.ActiveCfg = Debug|Any CPU
		{3A4DB18F-D956-4E1E-B623-E1BC3D67CB75}.Debug|Any CPU.Build.0 = Debug|Any CPU
		{3A4DB18F-D956-4E1E-B623-E1BC3D67CB75}.Release|Any CPU.ActiveCfg = Release|Any CPU
		{3A4DB18F-D956-4E1E-B623-E1BC3D67CB75}.Release|Any CPU.Build.0 = Release|Any CPU
		{F2941527-7399-48BC-985C-3722D5708ACB}.Debug|Any CPU.ActiveCfg = Debug|Any CPU
		{F2941527-7399-48BC-985C-3722D5708ACB}.Debug|Any CPU.Build.0 = Debug|Any CPU
		{F2941527-7399-48BC-985C-3722D5708ACB}.Release|Any CPU.ActiveCfg = Release|Any CPU
		{F2941527-7399-48BC-985C-3722D5708ACB}.Release|Any CPU.Build.0 = Release|Any CPU
		{D09BB22E-18E0-4FCA-84C3-9CE26F797B79}.Debug|Any CPU.ActiveCfg = Debug|Any CPU
		{D09BB22E-18E0-4FCA-84C3-9CE26F797B79}.Debug|Any CPU.Build.0 = Debug|Any CPU
		{D09BB22E-18E0-4FCA-84C3-9CE26F797B79}.Release|Any CPU.ActiveCfg = Release|Any CPU
		{D09BB22E-18E0-4FCA-84C3-9CE26F797B79}.Release|Any CPU.Build.0 = Release|Any CPU
		{7EDEE730-2E14-4312-B32E-D6CC43A29E13}.Debug|Any CPU.ActiveCfg = Debug|Any CPU
		{7EDEE730-2E14-4312-B32E-D6CC43A29E13}.Debug|Any CPU.Build.0 = Debug|Any CPU
		{7EDEE730-2E14-4312-B32E-D6CC43A29E13}.Release|Any CPU.ActiveCfg = Release|Any CPU
		{7EDEE730-2E14-4312-B32E-D6CC43A29E13}.Release|Any CPU.Build.0 = Release|Any CPU
	EndGlobalSection
EndGlobal
